
Microsoft Visual Studio Solution File, Format Version 12.00
# Visual Studio Version 17
VisualStudioVersion = 17.9.34714.143
MinimumVisualStudioVersion = 10.0.40219.1
Project("{FAE04EC0-301F-11D3-BF4B-00C04F79EFBC}") = "Bowmasters", "Bowmasters\Bowmasters.csproj", "{C6AF86D2-D865-4544-8715-115F6DA6D1D6}"
EndProject
Global
	GlobalSection(SolutionConfigurationPlatforms) = preSolution
		Debug|Any CPU = Debug|Any CPU
		Release|Any CPU = Release|Any CPU
	EndGlobalSection
	GlobalSection(ProjectConfigurationPlatforms) = postSolution
		{C6AF86D2-D865-4544-8715-115F6DA6D1D6}.Debug|Any CPU.ActiveCfg = Debug|Any CPU
		{C6AF86D2-D865-4544-8715-115F6DA6D1D6}.Debug|Any CPU.Build.0 = Debug|Any CPU
		{C6AF86D2-D865-4544-8715-115F6DA6D1D6}.Release|Any CPU.ActiveCfg = Release|Any CPU
		{C6AF86D2-D865-4544-8715-115F6DA6D1D6}.Release|Any CPU.Build.0 = Release|Any CPU
	EndGlobalSection
	GlobalSection(SolutionProperties) = preSolution
		HideSolutionNode = FALSE
	EndGlobalSection
	GlobalSection(ExtensibilityGlobals) = postSolution
		SolutionGuid = {A7ABAC05-237D-4B6D-9B6A-5DCFF4A40A08}
	EndGlobalSection
EndGlobal
